
Microsoft Visual Studio Solution File, Format Version 12.00
# Visual Studio 2013
VisualStudioVersion = 12.0.40302.0
MinimumVisualStudioVersion = 10.0.40219.1
Project("{FAE04EC0-301F-11D3-BF4B-00C04F79EFBC}") = "Traffic", "Traffic\Traffic.csproj", "{FEC53567-C5F7-4330-B913-F9B38E641C3B}"
EndProject
Global
	GlobalSection(SolutionConfigurationPlatforms) = preSolution
		Debug|Any CPU = Debug|Any CPU
		Release|Any CPU = Release|Any CPU
	EndGlobalSection
	GlobalSection(ProjectConfigurationPlatforms) = postSolution
		{FEC53567-C5F7-4330-B913-F9B38E641C3B}.Debug|Any CPU.ActiveCfg = Debug|Any CPU
		{FEC53567-C5F7-4330-B913-F9B38E641C3B}.Debug|Any CPU.Build.0 = Debug|Any CPU
		{FEC53567-C5F7-4330-B913-F9B38E641C3B}.Release|Any CPU.ActiveCfg = Release|Any CPU
		{FEC53567-C5F7-4330-B913-F9B38E641C3B}.Release|Any CPU.Build.0 = Release|Any CPU
	EndGlobalSection
	GlobalSection(SolutionProperties) = preSolution
		HideSolutionNode = FALSE
	EndGlobalSection
EndGlobal
